
Microsoft Visual Studio Solution File, Format Version 12.00
# Visual Studio 15
VisualStudioVersion = 15.0.27004.2009
MinimumVisualStudioVersion = 10.0.40219.1
Project("{FAE04EC0-301F-11D3-BF4B-00C04F79EFBC}") = "WinTemplate", "DevTemplate\WinTemplate.csproj", "{1C2E33FD-0D9D-423E-A02A-F457A94C97D6}"
EndProject
Global
	GlobalSection(SolutionConfigurationPlatforms) = preSolution
		Debug|Any CPU = Debug|Any CPU
		Release|Any CPU = Release|Any CPU
	EndGlobalSection
	GlobalSection(ProjectConfigurationPlatforms) = postSolution
		{1C2E33FD-0D9D-423E-A02A-F457A94C97D6}.Debug|Any CPU.ActiveCfg = Debug|Any CPU
		{1C2E33FD-0D9D-423E-A02A-F457A94C97D6}.Debug|Any CPU.Build.0 = Debug|Any CPU
		{1C2E33FD-0D9D-423E-A02A-F457A94C97D6}.Release|Any CPU.ActiveCfg = Release|Any CPU
		{1C2E33FD-0D9D-423E-A02A-F457A94C97D6}.Release|Any CPU.Build.0 = Release|Any CPU
	EndGlobalSection
	GlobalSection(SolutionProperties) = preSolution
		HideSolutionNode = FALSE
	EndGlobalSection
	GlobalSection(ExtensibilityGlobals) = postSolution
		SolutionGuid = {222F7064-3213-4766-B280-0637D47E53E5}
	EndGlobalSection
EndGlobal
